github.com/alecthomas/repr v0.0.0-20181024024818-d37bc2a10ba1 h1:GDQdwm/gAcJcLAKQQZGOJ4knlw+7rfEQQcmwTbt4p5E=
github.com/alecthomas/repr v0.0.0-20181024024818-d37bc2a10ba1/go.mod h1:xTS7Pm1pD1mvyM075QCDSRqH6qRLXylzS24ZTpRiSzQ=
github.com/denisenkom/go-mssqldb v0.0.0-20191128021309-1d7a30a10f73 h1:OGNva6WhsKst5OZf7eZOklDztV3hwtTHovdrLHV+MsA=
github.com/denisenkom/go-mssqldb v0.0.0-20191128021309-1d7a30a10f73/go.mod h1:xbL0rPBG9cCiLr28tMa8zpbdarY27NDyej4t/EjAShU=
github.com/gen2brain/go-unarr v0.0.0-20190203132630-dd30f8db8e40 h1:rnd7FAy39Y3+YOboqzQmGj62n9lJMoMr1TlIc1FTd/o=
github.com/gen2brain/go-unarr v0.0.0-20190203132630-dd30f8db8e40/go.mod h1:29wlntTq0xoOBDzoKlxLhCDh/G2GqMBam0P17/tMslE=
github.com/golang-sql/civil v0.0.0-20190719163853-cb61b32ac6fe h1:lXe2qZdvpiX5WZkZR4hgp4KJVfY3nMkvmwbVkpv1rVY=
github.com/golang-sql/civil v0.0.0-20190719163853-cb61b32ac6fe/go.mod h1:8vg3r2VgvsThLBIFL93Qb5yWzgyZWhEmBwUJWevAkK0=
github.com/kjk/lzmadec v0.0.0-20200118223809-980b947af806 h1:0HglaHaKnqsmzDVQ3dfLPq42EvUvImGUrANVzzxIetY=
github.com/kjk/lzmadec v0.0.0-20200118223809-980b947af806/go.mod h1:2zRkQCuw/eK6cqkYAeNqyBU7JKa2Gcq40BZ9GSJbmfE=
github.com/saracen/go7z v0.0.0-20191010121135-9c09b6bd7fda h1:h+YpzUB/bGVJcLqW+d5GghcCmE/A25KbzjXvWJQi/+o=
github.com/saracen/go7z v0.0.0-20191010121135-9c09b6bd7fda/go.mod h1:MSotTrCv1PwoR8QgU1JurEx+lNNbtr25I+m0zbLyAGw=
github.com/saracen/solidblock v0.0.0-20190426153529-45df20abab6f h1:1cJITU3JUI8qNS5T0BlXwANsVdyoJQHQ4hvOxbunPCw=
github.com/saracen/solidblock v0.0.0-20190426153529-45df20abab6f/go.mod h1:LyBTue+RWeyIfN3ZJ4wVxvDuvlGJtDgCLgCb6HCPgps=
github.com/ulikunitz/xz v0.5.6 h1:jGHAfXawEGZQ3blwU5wnWKQJvAraT7Ftq9EXjnXYgt8=
github.com/ulikunitz/xz v0.5.6/go.mod h1:2bypXElzHzzJZwzH67Y6wb67pO62Rzfn7BSiF4ABRW8=
golang.org/x/crypto v0.0.0-20190325154230-a5d413f7728c h1:Vj5n4GlwjmQteupaxJ9+0FNOmBrHfq7vN4btdGoDZgI=
golang.org/x/crypto v0.0.0-20190325154230-a5d413f7728c/go.mod h1:djNgcEr1/C05ACkg1iLfiJU5Ep61QUkGW8qpdssI0+w=
golang.org/x/sys v0.0.0-20190215142949-d0b11bdaac8a/go.mod h1:STP8DvDyc/dI5b8T5hshtkjS+E42TnysNCUPdjciGhY=
